
Microsoft Visual Studio Solution File, Format Version 12.00
# Visual Studio Version 16
VisualStudioVersion = 16.0.33130.400
MinimumVisualStudioVersion = 10.0.40219.1
Project("{FAE04EC0-301F-11D3-BF4B-00C04F79EFBC}") = "WinFormsApp12", "WinFormsApp12\WinFormsApp12.csproj", "{DEBCB14D-C5DF-489D-A82F-77C462F733FB}"
EndProject
Global
	GlobalSection(SolutionConfigurationPlatforms) = preSolution
		Debug|Any CPU = Debug|Any CPU
		Release|Any CPU = Release|Any CPU
	EndGlobalSection
	GlobalSection(ProjectConfigurationPlatforms) = postSolution
		{DEBCB14D-C5DF-489D-A82F-77C462F733FB}.Debug|Any CPU.ActiveCfg = Debug|Any CPU
		{DEBCB14D-C5DF-489D-A82F-77C462F733FB}.Debug|Any CPU.Build.0 = Debug|Any CPU
		{DEBCB14D-C5DF-489D-A82F-77C462F733FB}.Release|Any CPU.ActiveCfg = Release|Any CPU
		{DEBCB14D-C5DF-489D-A82F-77C462F733FB}.Release|Any CPU.Build.0 = Release|Any CPU
	EndGlobalSection
	GlobalSection(SolutionProperties) = preSolution
		HideSolutionNode = FALSE
	EndGlobalSection
	GlobalSection(ExtensibilityGlobals) = postSolution
		SolutionGuid = {4C15E56D-5DED-4F88-BB6B-CCDC3118EE45}
	EndGlobalSection
EndGlobal
